
Microsoft Visual Studio Solution File, Format Version 12.00
# Visual Studio Version 17
VisualStudioVersion = 17.5.33414.496
MinimumVisualStudioVersion = 10.0.40219.1
Project("{9A19103F-16F7-4668-BE54-9A1E7A4F7556}") = "MyDeal.TechTest", "server\MyDeal.TechTest\MyDeal.TechTest.csproj", "{842497B4-108B-4EF3-900C-87C8A3468940}"
EndProject
Project("{9A19103F-16F7-4668-BE54-9A1E7A4F7556}") = "MyDeal.TechTest.Services", "server\MyDeal.TechTest.Services\MyDeal.TechTest.Services.csproj", "{72A0F3C1-5B60-4983-96AF-0813D4018935}"
EndProject
Project("{9A19103F-16F7-4668-BE54-9A1E7A4F7556}") = "MyDeal.TechTest.Services.Tests", "server\MyDeal.TechTest.Services.Tests\MyDeal.TechTest.Services.Tests.csproj", "{02132CB6-4DE3-493B-BCA9-6232BE603CBD}"
EndProject
Project("{54A90642-561A-4BB1-A94E-469ADEE60C69}") = "client", "client\client.esproj", "{35CD05E1-B75C-47DC-B423-F4BE2500A722}"
EndProject
Global
	GlobalSection(SolutionConfigurationPlatforms) = preSolution
		Debug|Any CPU = Debug|Any CPU
		Release|Any CPU = Release|Any CPU
	EndGlobalSection
	GlobalSection(ProjectConfigurationPlatforms) = postSolution
		{842497B4-108B-4EF3-900C-87C8A3468940}.Debug|Any CPU.ActiveCfg = Debug|Any CPU
		{842497B4-108B-4EF3-900C-87C8A3468940}.Debug|Any CPU.Build.0 = Debug|Any CPU
		{842497B4-108B-4EF3-900C-87C8A3468940}.Release|Any CPU.ActiveCfg = Release|Any CPU
		{842497B4-108B-4EF3-900C-87C8A3468940}.Release|Any CPU.Build.0 = Release|Any CPU
		{72A0F3C1-5B60-4983-96AF-0813D4018935}.Debug|Any CPU.ActiveCfg = Debug|Any CPU
		{72A0F3C1-5B60-4983-96AF-0813D4018935}.Debug|Any CPU.Build.0 = Debug|Any CPU
		{72A0F3C1-5B60-4983-96AF-0813D4018935}.Release|Any CPU.ActiveCfg = Release|Any CPU
		{72A0F3C1-5B60-4983-96AF-0813D4018935}.Release|Any CPU.Build.0 = Release|Any CPU
		{02132CB6-4DE3-493B-BCA9-6232BE603CBD}.Debug|Any CPU.ActiveCfg = Debug|Any CPU
		{02132CB6-4DE3-493B-BCA9-6232BE603CBD}.Debug|Any CPU.Build.0 = Debug|Any CPU
		{02132CB6-4DE3-493B-BCA9-6232BE603CBD}.Release|Any CPU.ActiveCfg = Release|Any CPU
		{02132CB6-4DE3-493B-BCA9-6232BE603CBD}.Release|Any CPU.Build.0 = Release|Any CPU
		{35CD05E1-B75C-47DC-B423-F4BE2500A722}.Debug|Any CPU.ActiveCfg = Debug|Any CPU
		{35CD05E1-B75C-47DC-B423-F4BE2500A722}.Debug|Any CPU.Build.0 = Debug|Any CPU
		{35CD05E1-B75C-47DC-B423-F4BE2500A722}.Debug|Any CPU.Deploy.0 = Debug|Any CPU
		{35CD05E1-B75C-47DC-B423-F4BE2500A722}.Release|Any CPU.ActiveCfg = Release|Any CPU
		{35CD05E1-B75C-47DC-B423-F4BE2500A722}.Release|Any CPU.Build.0 = Release|Any CPU
		{35CD05E1-B75C-47DC-B423-F4BE2500A722}.Release|Any CPU.Deploy.0 = Release|Any CPU
	EndGlobalSection
	GlobalSection(SolutionProperties) = preSolution
		HideSolutionNode = FALSE
	EndGlobalSection
	GlobalSection(ExtensibilityGlobals) = postSolution
		SolutionGuid = {E730BA65-EF90-4223-A295-E6C8AC50FBBD}
	EndGlobalSection
EndGlobal
